
Microsoft Visual Studio Solution File, Format Version 12.00
# Visual Studio Version 16
VisualStudioVersion = 16.0.30907.101
MinimumVisualStudioVersion = 10.0.40219.1
Project("{FAE04EC0-301F-11D3-BF4B-00C04F79EFBC}") = "WebWeatherAPP.Core", "WebWeatherAPP.Core.csproj", "{0CF8FD93-E3BC-4A96-ABB1-3C06B059A6AD}"
EndProject
Global
	GlobalSection(SolutionConfigurationPlatforms) = preSolution
		Debug|Any CPU = Debug|Any CPU
		Release|Any CPU = Release|Any CPU
	EndGlobalSection
	GlobalSection(ProjectConfigurationPlatforms) = postSolution
		{0CF8FD93-E3BC-4A96-ABB1-3C06B059A6AD}.Debug|Any CPU.ActiveCfg = Debug|Any CPU
		{0CF8FD93-E3BC-4A96-ABB1-3C06B059A6AD}.Debug|Any CPU.Build.0 = Debug|Any CPU
		{0CF8FD93-E3BC-4A96-ABB1-3C06B059A6AD}.Release|Any CPU.ActiveCfg = Release|Any CPU
		{0CF8FD93-E3BC-4A96-ABB1-3C06B059A6AD}.Release|Any CPU.Build.0 = Release|Any CPU
	EndGlobalSection
	GlobalSection(SolutionProperties) = preSolution
		HideSolutionNode = FALSE
	EndGlobalSection
	GlobalSection(ExtensibilityGlobals) = postSolution
		SolutionGuid = {8A59E9A5-2BDA-46F0-978E-577AC9A6454F}
	EndGlobalSection
EndGlobal
